
Microsoft Visual Studio Solution File, Format Version 12.00
# Visual Studio Version 16
VisualStudioVersion = 16.0.31829.152
MinimumVisualStudioVersion = 10.0.40219.1
Project("{FAE04EC0-301F-11D3-BF4B-00C04F79EFBC}") = "MLicencas", "MLicencas.csproj", "{EB441F25-01C2-4ADA-8819-3D2CE9C2087B}"
EndProject
Project("{00D1A9C2-B5F0-4AF3-8072-F6C62B433612}") = "MLicencasDB", "MLicencasDB\MLicencasDB.sqlproj", "{2F8D5C91-7744-4941-9DE9-F16E55C9813E}"
EndProject
Project("{FAE04EC0-301F-11D3-BF4B-00C04F79EFBC}") = "CommonComponents", "CommonComponents\CommonComponents.csproj", "{FC585036-DBDC-4E03-B505-9679A6EB94C2}"
EndProject
Project("{FAE04EC0-301F-11D3-BF4B-00C04F79EFBC}") = "DomainLayer", "DomainLayer\DomainLayer.csproj", "{01CBFFC4-C479-4C18-989D-AABC764B8731}"
EndProject
Project("{FAE04EC0-301F-11D3-BF4B-00C04F79EFBC}") = "InfraStructure", "InfraStructure\InfraStructure.csproj", "{93A7C86E-AE2E-4E4A-B251-4A9FC64EBB35}"
EndProject
Project("{FAE04EC0-301F-11D3-BF4B-00C04F79EFBC}") = "ServicesLayer", "ServicesLayer\ServicesLayer.csproj", "{03A5DF17-B12F-40C1-BCB2-AAD33D0BEAA8}"
EndProject
Project("{2150E333-8FDC-42A3-9474-1A3956D46DE8}") = "Solution Items", "Solution Items", "{74E86B79-2049-432E-8302-47A647EC81F9}"
	ProjectSection(SolutionItems) = preProject
		.editorconfig = .editorconfig
	EndProjectSection
EndProject
Global
	GlobalSection(SolutionConfigurationPlatforms) = preSolution
		Debug|Any CPU = Debug|Any CPU
		Release|Any CPU = Release|Any CPU
	EndGlobalSection
	GlobalSection(ProjectConfigurationPlatforms) = postSolution
		{EB441F25-01C2-4ADA-8819-3D2CE9C2087B}.Debug|Any CPU.ActiveCfg = Debug|Any CPU
		{EB441F25-01C2-4ADA-8819-3D2CE9C2087B}.Debug|Any CPU.Build.0 = Debug|Any CPU
		{EB441F25-01C2-4ADA-8819-3D2CE9C2087B}.Release|Any CPU.ActiveCfg = Release|Any CPU
		{EB441F25-01C2-4ADA-8819-3D2CE9C2087B}.Release|Any CPU.Build.0 = Release|Any CPU
		{2F8D5C91-7744-4941-9DE9-F16E55C9813E}.Debug|Any CPU.ActiveCfg = Debug|Any CPU
		{2F8D5C91-7744-4941-9DE9-F16E55C9813E}.Debug|Any CPU.Build.0 = Debug|Any CPU
		{2F8D5C91-7744-4941-9DE9-F16E55C9813E}.Debug|Any CPU.Deploy.0 = Debug|Any CPU
		{2F8D5C91-7744-4941-9DE9-F16E55C9813E}.Release|Any CPU.ActiveCfg = Release|Any CPU
		{2F8D5C91-7744-4941-9DE9-F16E55C9813E}.Release|Any CPU.Build.0 = Release|Any CPU
		{2F8D5C91-7744-4941-9DE9-F16E55C9813E}.Release|Any CPU.Deploy.0 = Release|Any CPU
		{FC585036-DBDC-4E03-B505-9679A6EB94C2}.Debug|Any CPU.ActiveCfg = Debug|Any CPU
		{FC585036-DBDC-4E03-B505-9679A6EB94C2}.Debug|Any CPU.Build.0 = Debug|Any CPU
		{FC585036-DBDC-4E03-B505-9679A6EB94C2}.Release|Any CPU.ActiveCfg = Release|Any CPU
		{FC585036-DBDC-4E03-B505-9679A6EB94C2}.Release|Any CPU.Build.0 = Release|Any CPU
		{01CBFFC4-C479-4C18-989D-AABC764B8731}.Debug|Any CPU.ActiveCfg = Debug|Any CPU
		{01CBFFC4-C479-4C18-989D-AABC764B8731}.Debug|Any CPU.Build.0 = Debug|Any CPU
		{01CBFFC4-C479-4C18-989D-AABC764B8731}.Release|Any CPU.ActiveCfg = Release|Any CPU
		{01CBFFC4-C479-4C18-989D-AABC764B8731}.Release|Any CPU.Build.0 = Release|Any CPU
		{93A7C86E-AE2E-4E4A-B251-4A9FC64EBB35}.Debug|Any CPU.ActiveCfg = Debug|Any CPU
		{93A7C86E-AE2E-4E4A-B251-4A9FC64EBB35}.Debug|Any CPU.Build.0 = Debug|Any CPU
		{93A7C86E-AE2E-4E4A-B251-4A9FC64EBB35}.Release|Any CPU.ActiveCfg = Release|Any CPU
		{93A7C86E-AE2E-4E4A-B251-4A9FC64EBB35}.Release|Any CPU.Build.0 = Release|Any CPU
		{03A5DF17-B12F-40C1-BCB2-AAD33D0BEAA8}.Debug|Any CPU.ActiveCfg = Debug|Any CPU
		{03A5DF17-B12F-40C1-BCB2-AAD33D0BEAA8}.Debug|Any CPU.Build.0 = Debug|Any CPU
		{03A5DF17-B12F-40C1-BCB2-AAD33D0BEAA8}.Release|Any CPU.ActiveCfg = Release|Any CPU
		{03A5DF17-B12F-40C1-BCB2-AAD33D0BEAA8}.Release|Any CPU.Build.0 = Release|Any CPU
	EndGlobalSection
	GlobalSection(SolutionProperties) = preSolution
		HideSolutionNode = FALSE
	EndGlobalSection
	GlobalSection(ExtensibilityGlobals) = postSolution
		SolutionGuid = {46CA2FE7-D38B-45FB-BDE2-A0692EAA80C3}
	EndGlobalSection
EndGlobal
